// !$*UTF8*$!
{
	archiveVersion = 1;
	classes = {
	};
	objectVersion = 55;
	objects = {

/* Begin PBXBuildFile section */
		4E9D1C19281F15D600E1AF13 /* AppDelegate.swift in Sources */ = {isa = PBXBuildFile; fileRef = 4E9D1C18281F15D600E1AF13 /* AppDelegate.swift */; };
		4E9D1C1B281F15D600E1AF13 /* SceneDelegate.swift in Sources */ = {isa = PBXBuildFile; fileRef = 4E9D1C1A281F15D600E1AF13 /* SceneDelegate.swift */; };
		4E9D1C1D281F15D600E1AF13 /* ViewController.swift in Sources */ = {isa = PBXBuildFile; fileRef = 4E9D1C1C281F15D600E1AF13 /* ViewController.swift */; };
		4E9D1C20281F15D600E1AF13 /* Main.storyboard in Resources */ = {isa = PBXBuildFile; fileRef = 4E9D1C1E281F15D600E1AF13 /* Main.storyboard */; };
		4E9D1C22281F15D800E1AF13 /* Assets.xcassets in Resources */ = {isa = PBXBuildFile; fileRef = 4E9D1C21281F15D800E1AF13 /* Assets.xcassets */; };
		4E9D1C25281F15D800E1AF13 /* LaunchScreen.storyboard in Resources */ = {isa = PBXBuildFile; fileRef = 4E9D1C23281F15D800E1AF13 /* LaunchScreen.storyboard */; };
		4E9D1C30281F15D800E1AF13 /* SecondsConvertTests.swift in Sources */ = {isa = PBXBuildFile; fileRef = 4E9D1C2F281F15D800E1AF13 /* SecondsConvertTests.swift */; };
		4E9D1C3A281F15D800E1AF13 /* SecondsConvertUITests.swift in Sources */ = {isa = PBXBuildFile; fileRef = 4E9D1C39281F15D800E1AF13 /* SecondsConvertUITests.swift */; };
		4E9D1C3C281F15D800E1AF13 /* SecondsConvertUITestsLaunchTests.swift in Sources */ = {isa = PBXBuildFile; fileRef = 4E9D1C3B281F15D800E1AF13 /* SecondsConvertUITestsLaunchTests.swift */; };
		4E9D1C49281F168400E1AF13 /* ConvertViewController.swift in Sources */ = {isa = PBXBuildFile; fileRef = 4E9D1C48281F168400E1AF13 /* ConvertViewController.swift */; };
/* End PBXBuildFile section */

/* Begin PBXContainerItemProxy section */
		4E9D1C2C281F15D800E1AF13 /* PBXContainerItemProxy */ = {
			isa = PBXContainerItemProxy;
			containerPortal = 4E9D1C0D281F15D600E1AF13 /* Project object */;
			proxyType = 1;
			remoteGlobalIDString = 4E9D1C14281F15D600E1AF13;
			remoteInfo = SecondsConvert;
		};
		4E9D1C36281F15D800E1AF13 /* PBXContainerItemProxy */ = {
			isa = PBXContainerItemProxy;
			containerPortal = 4E9D1C0D281F15D600E1AF13 /* Project object */;
			proxyType = 1;
			remoteGlobalIDString = 4E9D1C14281F15D600E1AF13;
			remoteInfo = SecondsConvert;
		};
/* End PBXContainerItemProxy section */

/* Begin PBXFileReference section */
		4E9D1C15281F15D600E1AF13 /* SecondsConvert.app */ = {isa = PBXFileReference; explicitFileType = wrapper.application; includeInIndex = 0; path = SecondsConvert.app; sourceTree = BUILT_PRODUCTS_DIR; };
		4E9D1C18281F15D600E1AF13 /* AppDelegate.swift */ = {isa = PBXFileReference; lastKnownFileType = sourcecode.swift; path = AppDelegate.swift; sourceTree = "<group>"; };
		4E9D1C1A281F15D600E1AF13 /* SceneDelegate.swift */ = {isa = PBXFileReference; lastKnownFileType = sourcecode.swift; path = SceneDelegate.swift; sourceTree = "<group>"; };
		4E9D1C1C281F15D600E1AF13 /* ViewController.swift */ = {isa = PBXFileReference; lastKnownFileType = sourcecode.swift; path = ViewController.swift; sourceTree = "<group>"; };
		4E9D1C1F281F15D600E1AF13 /* Base */ = {isa = PBXFileReference; lastKnownFileType = file.storyboard; name = Base; path = Base.lproj/Main.storyboard; sourceTree = "<group>"; };
		4E9D1C21281F15D800E1AF13 /* Assets.xcassets */ = {isa = PBXFileReference; lastKnownFileType = folder.assetcatalog; path = Assets.xcassets; sourceTree = "<group>"; };
		4E9D1C24281F15D800E1AF13 /* Base */ = {isa = PBXFileReference; lastKnownFileType = file.storyboard; name = Base; path = Base.lproj/LaunchScreen.storyboard; sourceTree = "<group>"; };
		4E9D1C26281F15D800E1AF13 /* Info.plist */ = {isa = PBXFileReference; lastKnownFileType = text.plist.xml; path = Info.plist; sourceTree = "<group>"; };
		4E9D1C2B281F15D800E1AF13 /* SecondsConvertTests.xctest */ = {isa = PBXFileReference; explicitFileType = wrapper.cfbundle; includeInIndex = 0; path = SecondsConvertTests.xctest; sourceTree = BUILT_PRODUCTS_DIR; };
		4E9D1C2F281F15D800E1AF13 /* SecondsConvertTests.swift */ = {isa = PBXFileReference; lastKnownFileType = sourcecode.swift; path = SecondsConvertTests.swift; sourceTree = "<group>"; };
		4E9D1C35281F15D800E1AF13 /* SecondsConvertUITests.xctest */ = {isa = PBXFileReference; explicitFileType = wrapper.cfbundle; includeInIndex = 0; path = SecondsConvertUITests.xctest; sourceTree = BUILT_PRODUCTS_DIR; };
		4E9D1C39281F15D800E1AF13 /* SecondsConvertUITests.swift */ = {isa = PBXFileReference; lastKnownFileType = sourcecode.swift; path = SecondsConvertUITests.swift; sourceTree = "<group>"; };
		4E9D1C3B281F15D800E1AF13 /* SecondsConvertUITestsLaunchTests.swift */ = {isa = PBXFileReference; lastKnownFileType = sourcecode.swift; path = SecondsConvertUITestsLaunchTests.swift; sourceTree = "<group>"; };
		4E9D1C48281F168400E1AF13 /* ConvertViewController.swift */ = {isa = PBXFileReference; lastKnownFileType = sourcecode.swift; path = ConvertViewController.swift; sourceTree = "<group>"; };
/* End PBXFileReference section */

/* Begin PBXFrameworksBuildPhase section */
		4E9D1C12281F15D600E1AF13 /* Frameworks */ = {
			isa = PBXFrameworksBuildPhase;
			buildActionMask = 2147483647;
			files = (
			);
			runOnlyForDeploymentPostprocessing = 0;
		};
		4E9D1C28281F15D800E1AF13 /* Frameworks */ = {
			isa = PBXFrameworksBuildPhase;
			buildActionMask = 2147483647;
			files = (
			);
			runOnlyForDeploymentPostprocessing = 0;
		};
		4E9D1C32281F15D800E1AF13 /* Frameworks */ = {
			isa = PBXFrameworksBuildPhase;
			buildActionMask = 2147483647;
			files = (
			);
			runOnlyForDeploymentPostprocessing = 0;
		};
/* End PBXFrameworksBuildPhase section */

/* Begin PBXGroup section */
		4E9D1C0C281F15D600E1AF13 = {
			isa = PBXGroup;
			children = (
				4E9D1C17281F15D600E1AF13 /* SecondsConvert */,
				4E9D1C2E281F15D800E1AF13 /* SecondsConvertTests */,
				4E9D1C38281F15D800E1AF13 /* SecondsConvertUITests */,
				4E9D1C16281F15D600E1AF13 /* Products */,
			);
			sourceTree = "<group>";
		};
		4E9D1C16281F15D600E1AF13 /* Products */ = {
			isa = PBXGroup;
			children = (
				4E9D1C15281F15D600E1AF13 /* SecondsConvert.app */,
				4E9D1C2B281F15D800E1AF13 /* SecondsConvertTests.xctest */,
				4E9D1C35281F15D800E1AF13 /* SecondsConvertUITests.xctest */,
			);
			name = Products;
			sourceTree = "<group>";
		};
		4E9D1C17281F15D600E1AF13 /* SecondsConvert */ = {
			isa = PBXGroup;
			children = (
				4E9D1C18281F15D600E1AF13 /* AppDelegate.swift */,
				4E9D1C1A281F15D600E1AF13 /* SceneDelegate.swift */,
				4E9D1C1C281F15D600E1AF13 /* ViewController.swift */,
				4E9D1C1E281F15D600E1AF13 /* Main.storyboard */,
				4E9D1C21281F15D800E1AF13 /* Assets.xcassets */,
				4E9D1C23281F15D800E1AF13 /* LaunchScreen.storyboard */,
				4E9D1C26281F15D800E1AF13 /* Info.plist */,
				4E9D1C48281F168400E1AF13 /* ConvertViewController.swift */,
			);
			path = SecondsConvert;
			sourceTree = "<group>";
		};
		4E9D1C2E281F15D800E1AF13 /* SecondsConvertTests */ = {
			isa = PBXGroup;
			children = (
				4E9D1C2F281F15D800E1AF13 /* SecondsConvertTests.swift */,
			);
			path = SecondsConvertTests;
			sourceTree = "<group>";
		};
		4E9D1C38281F15D800E1AF13 /* SecondsConvertUITests */ = {
			isa = PBXGroup;
			children = (
				4E9D1C39281F15D800E1AF13 /* SecondsConvertUITests.swift */,
				4E9D1C3B281F15D800E1AF13 /* SecondsConvertUITestsLaunchTests.swift */,
			);
			path = SecondsConvertUITests;
			sourceTree = "<group>";
		};
/* End PBXGroup section */

/* Begin PBXNativeTarget section */
		4E9D1C14281F15D600E1AF13 /* SecondsConvert */ = {
			isa = PBXNativeTarget;
			buildConfigurationList = 4E9D1C3F281F15D800E1AF13 /* Build configuration list for PBXNativeTarget "SecondsConvert" */;
			buildPhases = (
				4E9D1C11281F15D600E1AF13 /* Sources */,
				4E9D1C12281F15D600E1AF13 /* Frameworks */,
				4E9D1C13281F15D600E1AF13 /* Resources */,
			);
			buildRules = (
			);
			dependencies = (
			);
			name = SecondsConvert;
			productName = SecondsConvert;
			productReference = 4E9D1C15281F15D600E1AF13 /* SecondsConvert.app */;
			productType = "com.apple.product-type.application";
		};
		4E9D1C2A281F15D800E1AF13 /* SecondsConvertTests */ = {
			isa = PBXNativeTarget;
			buildConfigurationList = 4E9D1C42281F15D800E1AF13 /* Build configuration list for PBXNativeTarget "SecondsConvertTests" */;
			buildPhases = (
				4E9D1C27281F15D800E1AF13 /* Sources */,
				4E9D1C28281F15D800E1AF13 /* Frameworks */,
				4E9D1C29281F15D800E1AF13 /* Resources */,
			);
			buildRules = (
			);
			dependencies = (
				4E9D1C2D281F15D800E1AF13 /* PBXTargetDependency */,
			);
			name = SecondsConvertTests;
			productName = SecondsConvertTests;
			productReference = 4E9D1C2B281F15D800E1AF13 /* SecondsConvertTests.xctest */;
			productType = "com.apple.product-type.bundle.unit-test";
		};
		4E9D1C34281F15D800E1AF13 /* SecondsConvertUITests */ = {
			isa = PBXNativeTarget;
			buildConfigurationList = 4E9D1C45281F15D800E1AF13 /* Build configuration list for PBXNativeTarget "SecondsConvertUITests" */;
			buildPhases = (
				4E9D1C31281F15D800E1AF13 /* Sources */,
				4E9D1C32281F15D800E1AF13 /* Frameworks */,
				4E9D1C33281F15D800E1AF13 /* Resources */,
			);
			buildRules = (
			);
			dependencies = (
				4E9D1C37281F15D800E1AF13 /* PBXTargetDependency */,
			);
			name = SecondsConvertUITests;
			productName = SecondsConvertUITests;
			productReference = 4E9D1C35281F15D800E1AF13 /* SecondsConvertUITests.xctest */;
			productType = "com.apple.product-type.bundle.ui-testing";
		};
/* End PBXNativeTarget section */

/* Begin PBXProject section */
		4E9D1C0D281F15D600E1AF13 /* Project object */ = {
			isa = PBXProject;
			attributes = {
				BuildIndependentTargetsInParallel = 1;
				LastSwiftUpdateCheck = 1320;
				LastUpgradeCheck = 1320;
				TargetAttributes = {
					4E9D1C14281F15D600E1AF13 = {
						CreatedOnToolsVersion = 13.2.1;
					};
					4E9D1C2A281F15D800E1AF13 = {
						CreatedOnToolsVersion = 13.2.1;
						TestTargetID = 4E9D1C14281F15D600E1AF13;
					};
					4E9D1C34281F15D800E1AF13 = {
						CreatedOnToolsVersion = 13.2.1;
						TestTargetID = 4E9D1C14281F15D600E1AF13;
					};
				};
			};
			buildConfigurationList = 4E9D1C10281F15D600E1AF13 /* Build configuration list for PBXProject "SecondsConvert" */;
			compatibilityVersion = "Xcode 13.0";
			developmentRegion = en;
			hasScannedForEncodings = 0;
			knownRegions = (
				en,
				Base,
			);
			mainGroup = 4E9D1C0C281F15D600E1AF13;
			productRefGroup = 4E9D1C16281F15D600E1AF13 /* Products */;
			projectDirPath = "";
			projectRoot = "";
			targets = (
				4E9D1C14281F15D600E1AF13 /* SecondsConvert */,
				4E9D1C2A281F15D800E1AF13 /* SecondsConvertTests */,
				4E9D1C34281F15D800E1AF13 /* SecondsConvertUITests */,
			);
		};
/* End PBXProject section */

/* Begin PBXResourcesBuildPhase section */
		4E9D1C13281F15D600E1AF13 /* Resources */ = {
			isa = PBXResourcesBuildPhase;
			buildActionMask = 2147483647;
			files = (
				4E9D1C25281F15D800E1AF13 /* LaunchScreen.storyboard in Resources */,
				4E9D1C22281F15D800E1AF13 /* Assets.xcassets in Resources */,
				4E9D1C20281F15D600E1AF13 /* Main.storyboard in Resources */,
			);
			runOnlyForDeploymentPostprocessing = 0;
		};
		4E9D1C29281F15D800E1AF13 /* Resources */ = {
			isa = PBXResourcesBuildPhase;
			buildActionMask = 2147483647;
			files = (
			);
			runOnlyForDeploymentPostprocessing = 0;
		};
		4E9D1C33281F15D800E1AF13 /* Resources */ = {
			isa = PBXResourcesBuildPhase;
			buildActionMask = 2147483647;
			files = (
			);
			runOnlyForDeploymentPostprocessing = 0;
		};
/* End PBXResourcesBuildPhase section */

/* Begin PBXSourcesBuildPhase section */
		4E9D1C11281F15D600E1AF13 /* Sources */ = {
			isa = PBXSourcesBuildPhase;
			buildActionMask = 2147483647;
			files = (
				4E9D1C1D281F15D600E1AF13 /* ViewController.swift in Sources */,
				4E9D1C19281F15D600E1AF13 /* AppDelegate.swift in Sources */,
				4E9D1C49281F168400E1AF13 /* ConvertViewController.swift in Sources */,
				4E9D1C1B281F15D600E1AF13 /* SceneDelegate.swift in Sources */,
			);
			runOnlyForDeploymentPostprocessing = 0;
		};
		4E9D1C27281F15D800E1AF13 /* Sources */ = {
			isa = PBXSourcesBuildPhase;
			buildActionMask = 2147483647;
			files = (
				4E9D1C30281F15D800E1AF13 /* SecondsConvertTests.swift in Sources */,
			);
			runOnlyForDeploymentPostprocessing = 0;
		};
		4E9D1C31281F15D800E1AF13 /* Sources */ = {
			isa = PBXSourcesBuildPhase;
			buildActionMask = 2147483647;
			files = (
				4E9D1C3C281F15D800E1AF13 /* SecondsConvertUITestsLaunchTests.swift in Sources */,
				4E9D1C3A281F15D800E1AF13 /* SecondsConvertUITests.swift in Sources */,
			);
			runOnlyForDeploymentPostprocessing = 0;
		};
/* End PBXSourcesBuildPhase section */

/* Begin PBXTargetDependency section */
		4E9D1C2D281F15D800E1AF13 /* PBXTargetDependency */ = {
			isa = PBXTargetDependency;
			target = 4E9D1C14281F15D600E1AF13 /* SecondsConvert */;
			targetProxy = 4E9D1C2C281F15D800E1AF13 /* PBXContainerItemProxy */;
		};
		4E9D1C37281F15D800E1AF13 /* PBXTargetDependency */ = {
			isa = PBXTargetDependency;
			target = 4E9D1C14281F15D600E1AF13 /* SecondsConvert */;
			targetProxy = 4E9D1C36281F15D800E1AF13 /* PBXContainerItemProxy */;
		};
/* End PBXTargetDependency section */

/* Begin PBXVariantGroup section */
		4E9D1C1E281F15D600E1AF13 /* Main.storyboard */ = {
			isa = PBXVariantGroup;
			children = (
				4E9D1C1F281F15D600E1AF13 /* Base */,
			);
			name = Main.storyboard;
			sourceTree = "<group>";
		};
		4E9D1C23281F15D800E1AF13 /* LaunchScreen.storyboard */ = {
			isa = PBXVariantGroup;
			children = (
				4E9D1C24281F15D800E1AF13 /* Base */,
			);
			name = LaunchScreen.storyboard;
			sourceTree = "<group>";
		};
/* End PBXVariantGroup section */

/* Begin XCBuildConfiguration section */
		4E9D1C3D281F15D800E1AF13 /* Debug */ = {
			isa = XCBuildConfiguration;
			buildSettings = {
				ALWAYS_SEARCH_USER_PATHS = NO;
				CLANG_ANALYZER_NONNULL = YES;
				CLANG_ANALYZER_NUMBER_OBJECT_CONVERSION = YES_AGGRESSIVE;
				CLANG_CXX_LANGUAGE_STANDARD = "gnu++17";
				CLANG_CXX_LIBRARY = "libc++";
				CLANG_ENABLE_MODULES = YES;
				CLANG_ENABLE_OBJC_ARC = YES;
				CLANG_ENABLE_OBJC_WEAK = YES;
				CLANG_WARN_BLOCK_CAPTURE_AUTORELEASING = YES;
				CLANG_WARN_BOOL_CONVERSION = YES;
				CLANG_WARN_COMMA = YES;
				CLANG_WARN_CONSTANT_CONVERSION = YES;
				CLANG_WARN_DEPRECATED_OBJC_IMPLEMENTATIONS = YES;
				CLANG_WARN_DIRECT_OBJC_ISA_USAGE = YES_ERROR;
				CLANG_WARN_DOCUMENTATION_COMMENTS = YES;
				CLANG_WARN_EMPTY_BODY = YES;
				CLANG_WARN_ENUM_CONVERSION = YES;
				CLANG_WARN_INFINITE_RECURSION = YES;
				CLANG_WARN_INT_CONVERSION = YES;
				CLANG_WARN_NON_LITERAL_NULL_CONVERSION = YES;
				CLANG_WARN_OBJC_IMPLICIT_RETAIN_SELF = YES;
				CLANG_WARN_OBJC_LITERAL_CONVERSION = YES;
				CLANG_WARN_OBJC_ROOT_CLASS = YES_ERROR;
				CLANG_WARN_QUOTED_INCLUDE_IN_FRAMEWORK_HEADER = YES;
				CLANG_WARN_RANGE_LOOP_ANALYSIS = YES;
				CLANG_WARN_STRICT_PROTOTYPES = YES;
				CLANG_WARN_SUSPICIOUS_MOVE = YES;
				CLANG_WARN_UNGUARDED_AVAILABILITY = YES_AGGRESSIVE;
				CLANG_WARN_UNREACHABLE_CODE = YES;
				CLANG_WARN__DUPLICATE_METHOD_MATCH = YES;
				COPY_PHASE_STRIP = NO;
				DEBUG_INFORMATION_FORMAT = dwarf;
				ENABLE_STRICT_OBJC_MSGSEND = YES;
				ENABLE_TESTABILITY = YES;
				GCC_C_LANGUAGE_STANDARD = gnu11;
				GCC_DYNAMIC_NO_PIC = NO;
				GCC_NO_COMMON_BLOCKS = YES;
				GCC_OPTIMIZATION_LEVEL = 0;
				GCC_PREPROCESSOR_DEFINITIONS = (
					"DEBUG=1",
					"$(inherited)",
				);
				GCC_WARN_64_TO_32_BIT_CONVERSION = YES;
				GCC_WARN_ABOUT_RETURN_TYPE = YES_ERROR;
				GCC_WARN_UNDECLARED_SELECTOR = YES;
				GCC_WARN_UNINITIALIZED_AUTOS = YES_AGGRESSIVE;
				GCC_WARN_UNUSED_FUNCTION = YES;
				GCC_WARN_UNUSED_VARIABLE = YES;
				IPHONEOS_DEPLOYMENT_TARGET = 15.2;
				MTL_ENABLE_DEBUG_INFO = INCLUDE_SOURCE;
				MTL_FAST_MATH = YES;
				ONLY_ACTIVE_ARCH = YES;
				SDKROOT = iphoneos;
				SWIFT_ACTIVE_COMPILATION_CONDITIONS = DEBUG;
				SWIFT_OPTIMIZATION_LEVEL = "-Onone";
			};
			name = Debug;
		};
		4E9D1C3E281F15D800E1AF13 /* Release */ = {
			isa = XCBuildConfiguration;
			buildSettings = {
				ALWAYS_SEARCH_USER_PATHS = NO;
				CLANG_ANALYZER_NONNULL = YES;
				CLANG_ANALYZER_NUMBER_OBJECT_CONVERSION = YES_AGGRESSIVE;
				CLANG_CXX_LANGUAGE_STANDARD = "gnu++17";
				CLANG_CXX_LIBRARY = "libc++";
				CLANG_ENABLE_MODULES = YES;
				CLANG_ENABLE_OBJC_ARC = YES;
				CLANG_ENABLE_OBJC_WEAK = YES;
				CLANG_WARN_BLOCK_CAPTURE_AUTORELEASING = YES;
				CLANG_WARN_BOOL_CONVERSION = YES;
				CLANG_WARN_COMMA = YES;
				CLANG_WARN_CONSTANT_CONVERSION = YES;
				CLANG_WARN_DEPRECATED_OBJC_IMPLEMENTATIONS = YES;
				CLANG_WARN_DIRECT_OBJC_ISA_USAGE = YES_ERROR;
				CLANG_WARN_DOCUMENTATION_COMMENTS = YES;
				CLANG_WARN_EMPTY_BODY = YES;
				CLANG_WARN_ENUM_CONVERSION = YES;
				CLANG_WARN_INFINITE_RECURSION = YES;
				CLANG_WARN_INT_CONVERSION = YES;
				CLANG_WARN_NON_LITERAL_NULL_CONVERSION = YES;
				CLANG_WARN_OBJC_IMPLICIT_RETAIN_SELF = YES;
				CLANG_WARN_OBJC_LITERAL_CONVERSION = YES;
				CLANG_WARN_OBJC_ROOT_CLASS = YES_ERROR;
				CLANG_WARN_QUOTED_INCLUDE_IN_FRAMEWORK_HEADER = YES;
				CLANG_WARN_RANGE_LOOP_ANALYSIS = YES;
				CLANG_WARN_STRICT_PROTOTYPES = YES;
				CLANG_WARN_SUSPICIOUS_MOVE = YES;
				CLANG_WARN_UNGUARDED_AVAILABILITY = YES_AGGRESSIVE;
				CLANG_WARN_UNREACHABLE_CODE = YES;
				CLANG_WARN__DUPLICATE_METHOD_MATCH = YES;
				COPY_PHASE_STRIP = NO;
				DEBUG_INFORMATION_FORMAT = "dwarf-with-dsym";
				ENABLE_NS_ASSERTIONS = NO;
				ENABLE_STRICT_OBJC_MSGSEND = YES;
				GCC_C_LANGUAGE_STANDARD = gnu11;
				GCC_NO_COMMON_BLOCKS = YES;
				GCC_WARN_64_TO_32_BIT_CONVERSION = YES;
				GCC_WARN_ABOUT_RETURN_TYPE = YES_ERROR;
				GCC_WARN_UNDECLARED_SELECTOR = YES;
				GCC_WARN_UNINITIALIZED_AUTOS = YES_AGGRESSIVE;
				GCC_WARN_UNUSED_FUNCTION = YES;
				GCC_WARN_UNUSED_VARIABLE = YES;
				IPHONEOS_DEPLOYMENT_TARGET = 15.2;
				MTL_ENABLE_DEBUG_INFO = NO;
				MTL_FAST_MATH = YES;
				SDKROOT = iphoneos;
				SWIFT_COMPILATION_MODE = wholemodule;
				SWIFT_OPTIMIZATION_LEVEL = "-O";
				VALIDATE_PRODUCT = YES;
			};
			name = Release;
		};
		4E9D1C40281F15D800E1AF13 /* Debug */ = {
			isa = XCBuildConfiguration;
			buildSettings = {
				ASSETCATALOG_COMPILER_APPICON_NAME = AppIcon;
				ASSETCATALOG_COMPILER_GLOBAL_ACCENT_COLOR_NAME = AccentColor;
				CODE_SIGN_STYLE = Automatic;
				CURRENT_PROJECT_VERSION = 1;
				DEVELOPMENT_TEAM = 73NUYU5X4U;
				GENERATE_INFOPLIST_FILE = YES;
				INFOPLIST_FILE = SecondsConvert/Info.plist;
				INFOPLIST_KEY_UIApplicationSupportsIndirectInputEvents = YES;
				INFOPLIST_KEY_UILaunchStoryboardName = LaunchScreen;
				INFOPLIST_KEY_UIMainStoryboardFile = Main;
				INFOPLIST_KEY_UISupportedInterfaceOrientations_iPad = "UIInterfaceOrientationPortrait UIInterfaceOrientationPortraitUpsideDown UIInterfaceOrientationLandscapeLeft UIInterfaceOrientationLandscapeRight";
				INFOPLIST_KEY_UISupportedInterfaceOrientations_iPhone = "UIInterfaceOrientationPortrait UIInterfaceOrientationLandscapeLeft UIInterfaceOrientationLandscapeRight";
				LD_RUNPATH_SEARCH_PATHS = (
					"$(inherited)",
					"@executable_path/Frameworks",
				);
				MARKETING_VERSION = 1.0;
				PRODUCT_BUNDLE_IDENTIFIER = Ovanes.SecondsConvert;
				PRODUCT_NAME = "$(TARGET_NAME)";
				SWIFT_EMIT_LOC_STRINGS = YES;
				SWIFT_VERSION = 5.0;
				TARGETED_DEVICE_FAMILY = "1,2";
			};
			name = Debug;
		};
		4E9D1C41281F15D800E1AF13 /* Release */ = {
			isa = XCBuildConfiguration;
			buildSettings = {
				ASSETCATALOG_COMPILER_APPICON_NAME = AppIcon;
				ASSETCATALOG_COMPILER_GLOBAL_ACCENT_COLOR_NAME = AccentColor;
				CODE_SIGN_STYLE = Automatic;
				CURRENT_PROJECT_VERSION = 1;
				DEVELOPMENT_TEAM = 73NUYU5X4U;
				GENERATE_INFOPLIST_FILE = YES;
				INFOPLIST_FILE = SecondsConvert/Info.plist;
				INFOPLIST_KEY_UIApplicationSupportsIndirectInputEvents = YES;
				INFOPLIST_KEY_UILaunchStoryboardName = LaunchScreen;
				INFOPLIST_KEY_UIMainStoryboardFile = Main;
				INFOPLIST_KEY_UISupportedInterfaceOrientations_iPad = "UIInterfaceOrientationPortrait UIInterfaceOrientationPortraitUpsideDown UIInterfaceOrientationLandscapeLeft UIInterfaceOrientationLandscapeRight";
				INFOPLIST_KEY_UISupportedInterfaceOrientations_iPhone = "UIInterfaceOrientationPortrait UIInterfaceOrientationLandscapeLeft UIInterfaceOrientationLandscapeRight";
				LD_RUNPATH_SEARCH_PATHS = (
					"$(inherited)",
					"@executable_path/Frameworks",
				);
				MARKETING_VERSION = 1.0;
				PRODUCT_BUNDLE_IDENTIFIER = Ovanes.SecondsConvert;
				PRODUCT_NAME = "$(TARGET_NAME)";
				SWIFT_EMIT_LOC_STRINGS = YES;
				SWIFT_VERSION = 5.0;
				TARGETED_DEVICE_FAMILY = "1,2";
			};
			name = Release;
		};
		4E9D1C43281F15D800E1AF13 /* Debug */ = {
			isa = XCBuildConfiguration;
			buildSettings = {
				ALWAYS_EMBED_SWIFT_STANDARD_LIBRARIES = YES;
				BUNDLE_LOADER = "$(TEST_HOST)";
				CODE_SIGN_STYLE = Automatic;
				CURRENT_PROJECT_VERSION = 1;
				DEVELOPMENT_TEAM = 73NUYU5X4U;
				GENERATE_INFOPLIST_FILE = YES;
				IPHONEOS_DEPLOYMENT_TARGET = 15.2;
				MARKETING_VERSION = 1.0;
				PRODUCT_BUNDLE_IDENTIFIER = Ovanes.SecondsConvertTests;
				PRODUCT_NAME = "$(TARGET_NAME)";
				SWIFT_EMIT_LOC_STRINGS = NO;
				SWIFT_VERSION = 5.0;
				TARGETED_DEVICE_FAMILY = "1,2";
				TEST_HOST = "$(BUILT_PRODUCTS_DIR)/SecondsConvert.app/SecondsConvert";
			};
			name = Debug;
		};
		4E9D1C44281F15D800E1AF13 /* Release */ = {
			isa = XCBuildConfiguration;
			buildSettings = {
				ALWAYS_EMBED_SWIFT_STANDARD_LIBRARIES = YES;
				BUNDLE_LOADER = "$(TEST_HOST)";
				CODE_SIGN_STYLE = Automatic;
				CURRENT_PROJECT_VERSION = 1;
				DEVELOPMENT_TEAM = 73NUYU5X4U;
				GENERATE_INFOPLIST_FILE = YES;
				IPHONEOS_DEPLOYMENT_TARGET = 15.2;
				MARKETING_VERSION = 1.0;
				PRODUCT_BUNDLE_IDENTIFIER = Ovanes.SecondsConvertTests;
				PRODUCT_NAME = "$(TARGET_NAME)";
				SWIFT_EMIT_LOC_STRINGS = NO;
				SWIFT_VERSION = 5.0;
				TARGETED_DEVICE_FAMILY = "1,2";
				TEST_HOST = "$(BUILT_PRODUCTS_DIR)/SecondsConvert.app/SecondsConvert";
			};
			name = Release;
		};
		4E9D1C46281F15D800E1AF13 /* Debug */ = {
			isa = XCBuildConfiguration;
			buildSettings = {
				ALWAYS_EMBED_SWIFT_STANDARD_LIBRARIES = YES;
				CODE_SIGN_STYLE = Automatic;
				CURRENT_PROJECT_VERSION = 1;
				DEVELOPMENT_TEAM = 73NUYU5X4U;
				GENERATE_INFOPLIST_FILE = YES;
				MARKETING_VERSION = 1.0;
				PRODUCT_BUNDLE_IDENTIFIER = Ovanes.SecondsConvertUITests;
				PRODUCT_NAME = "$(TARGET_NAME)";
				SWIFT_EMIT_LOC_STRINGS = NO;
				SWIFT_VERSION = 5.0;
				TARGETED_DEVICE_FAMILY = "1,2";
				TEST_TARGET_NAME = SecondsConvert;
			};
			name = Debug;
		};
		4E9D1C47281F15D800E1AF13 /* Release */ = {
			isa = XCBuildConfiguration;
			buildSettings = {
				ALWAYS_EMBED_SWIFT_STANDARD_LIBRARIES = YES;
				CODE_SIGN_STYLE = Automatic;
				CURRENT_PROJECT_VERSION = 1;
				DEVELOPMENT_TEAM = 73NUYU5X4U;
				GENERATE_INFOPLIST_FILE = YES;
				MARKETING_VERSION = 1.0;
				PRODUCT_BUNDLE_IDENTIFIER = Ovanes.SecondsConvertUITests;
				PRODUCT_NAME = "$(TARGET_NAME)";
				SWIFT_EMIT_LOC_STRINGS = NO;
				SWIFT_VERSION = 5.0;
				TARGETED_DEVICE_FAMILY = "1,2";
				TEST_TARGET_NAME = SecondsConvert;
			};
			name = Release;
		};
/* End XCBuildConfiguration section */

/* Begin XCConfigurationList section */
		4E9D1C10281F15D600E1AF13 /* Build configuration list for PBXProject "SecondsConvert" */ = {
			isa = XCConfigurationList;
			buildConfigurations = (
				4E9D1C3D281F15D800E1AF13 /* Debug */,
				4E9D1C3E281F15D800E1AF13 /* Release */,
			);
			defaultConfigurationIsVisible = 0;
			defaultConfigurationName = Release;
		};
		4E9D1C3F281F15D800E1AF13 /* Build configuration list for PBXNativeTarget "SecondsConvert" */ = {
			isa = XCConfigurationList;
			buildConfigurations = (
				4E9D1C40281F15D800E1AF13 /* Debug */,
				4E9D1C41281F15D800E1AF13 /* Release */,
			);
			defaultConfigurationIsVisible = 0;
			defaultConfigurationName = Release;
		};
		4E9D1C42281F15D800E1AF13 /* Build configuration list for PBXNativeTarget "SecondsConvertTests" */ = {
			isa = XCConfigurationList;
			buildConfigurations = (
				4E9D1C43281F15D800E1AF13 /* Debug */,
				4E9D1C44281F15D800E1AF13 /* Release */,
			);
			defaultConfigurationIsVisible = 0;
			defaultConfigurationName = Release;
		};
		4E9D1C45281F15D800E1AF13 /* Build configuration list for PBXNativeTarget "SecondsConvertUITests" */ = {
			isa = XCConfigurationList;
			buildConfigurations = (
				4E9D1C46281F15D800E1AF13 /* Debug */,
				4E9D1C47281F15D800E1AF13 /* Release */,
			);
			defaultConfigurationIsVisible = 0;
			defaultConfigurationName = Release;
		};
/* End XCConfigurationList section */
	};
	rootObject = 4E9D1C0D281F15D600E1AF13 /* Project object */;
}
